
Microsoft Visual Studio Solution File, Format Version 12.00
# Visual Studio 2012
Project("{FAE04EC0-301F-11D3-BF4B-00C04F79EFBC}") = "Q2", "If_else\Q2.csproj", "{CA336B73-FB80-4143-B498-62F9EDDBDC85}"
EndProject
Project("{FAE04EC0-301F-11D3-BF4B-00C04F79EFBC}") = "Q1", "Conditional2\Q1.csproj", "{5C96F1FF-616E-4583-97E8-A725ED9C3D5E}"
EndProject
Project("{FAE04EC0-301F-11D3-BF4B-00C04F79EFBC}") = "Q3", "Q3\Q3.csproj", "{979D8CAF-81A3-4A08-BC06-9575C25F84C5}"
EndProject
Project("{FAE04EC0-301F-11D3-BF4B-00C04F79EFBC}") = "Q4_Perimeter", "Q4_Perimeter\Q4_Perimeter.csproj", "{0AC71306-D158-4397-8F7F-B61A2C476CFB}"
EndProject
Project("{FAE04EC0-301F-11D3-BF4B-00C04F79EFBC}") = "Q5_Quot_Remain", "Q5_Quot_Remain\Q5_Quot_Remain.csproj", "{E6EF001A-160C-4B6E-83E4-02E9494D3B0F}"
EndProject
Project("{FAE04EC0-301F-11D3-BF4B-00C04F79EFBC}") = "Q6_square", "Q6_square\Q6_square.csproj", "{292AF4DE-8595-466A-AA0F-1ECF5B8997A9}"
EndProject
Project("{FAE04EC0-301F-11D3-BF4B-00C04F79EFBC}") = "Q7_sqrt", "Q7_sqrt\Q7_sqrt.csproj", "{D64911FA-8EFF-49D8-A702-8F583FCB377E}"
EndProject
Project("{FAE04EC0-301F-11D3-BF4B-00C04F79EFBC}") = "Q8_traingle", "Q8_traingle\Q8_traingle.csproj", "{F7ACC525-2BBB-4748-B9D7-CEC3AB160BE2}"
EndProject
Project("{FAE04EC0-301F-11D3-BF4B-00C04F79EFBC}") = "Q9_km_m", "Q9_km_m\Q9_km_m.csproj", "{D5DAF2DE-1C81-4B16-9DC4-7A591143DFED}"
EndProject
Project("{FAE04EC0-301F-11D3-BF4B-00C04F79EFBC}") = "Q10_cel_fh", "Q10_cel_fh\Q10_cel_fh.csproj", "{FAD301C0-CC71-44F3-9352-D973EF8F973B}"
EndProject
Project("{FAE04EC0-301F-11D3-BF4B-00C04F79EFBC}") = "Q11_swap", "Q11\Q11_swap.csproj", "{BF11C931-BD22-4F7A-A9C8-055E5935C63F}"
EndProject
Project("{FAE04EC0-301F-11D3-BF4B-00C04F79EFBC}") = "Q12_swap1", "Q12_swap1\Q12_swap1.csproj", "{1A84ABE7-A0F8-4F80-9E6E-83B7CA13F3BE}"
EndProject
Project("{FAE04EC0-301F-11D3-BF4B-00C04F79EFBC}") = "Q13_swap2", "Q13_swap2\Q13_swap2.csproj", "{1CFAF49A-1AC3-4182-86C1-5743873072F6}"
EndProject
Project("{FAE04EC0-301F-11D3-BF4B-00C04F79EFBC}") = "Q14_random", "Q14_random\Q14_random.csproj", "{FC00CA27-F418-438F-98C5-C1B38ECED7E2}"
EndProject
Project("{FAE04EC0-301F-11D3-BF4B-00C04F79EFBC}") = "Q15_feet", "Q15_feet\Q15_feet.csproj", "{0A3BA1DA-473F-4FC6-AEB1-ED239373A1AF}"
EndProject
Project("{FAE04EC0-301F-11D3-BF4B-00C04F79EFBC}") = "Q16_n_num", "Q16_n_num\Q16_n_num.csproj", "{4B5FCF86-6558-4DD5-871D-3C886F2EC27F}"
EndProject
Project("{FAE04EC0-301F-11D3-BF4B-00C04F79EFBC}") = "Q17_avg", "Q17_avg\Q17_avg.csproj", "{CDC387E2-56E2-4831-9A53-AAE21F879FEB}"
EndProject
Project("{FAE04EC0-301F-11D3-BF4B-00C04F79EFBC}") = "Q18_tips", "Q18_tips\Q18_tips.csproj", "{392C57A1-29C5-45A6-9381-64AB5A0F8CD4}"
EndProject
Project("{FAE04EC0-301F-11D3-BF4B-00C04F79EFBC}") = "Q19-net_amount", "Q19-gpay\Q19-net_amount.csproj", "{25D0D091-383C-4109-B08E-F7492E67584A}"
EndProject
Project("{FAE04EC0-301F-11D3-BF4B-00C04F79EFBC}") = "Q20_gpay", "Q20_gpay\Q20_gpay.csproj", "{2804B0C8-AE47-436E-97D3-7136E613B9FD}"
EndProject
Project("{FAE04EC0-301F-11D3-BF4B-00C04F79EFBC}") = "Q21_SI", "Q21_SI\Q21_SI.csproj", "{0B19785F-A660-44AF-A9D7-B4662701F16C}"
EndProject
Project("{FAE04EC0-301F-11D3-BF4B-00C04F79EFBC}") = "Q22_CI", "Q22_CI\Q22_CI.csproj", "{DB661ED1-E3D7-4B8F-AD48-1E0456ACA3F3}"
EndProject
Project("{FAE04EC0-301F-11D3-BF4B-00C04F79EFBC}") = "Q23_feet", "Q23_feet\Q23_feet.csproj", "{564FBD63-3EC4-4BD0-8192-D3E7E2D58216}"
EndProject
Project("{FAE04EC0-301F-11D3-BF4B-00C04F79EFBC}") = "Q24_BMI", "Q24_BMI\Q24_BMI.csproj", "{38A34485-179D-4284-8DA0-C1A8C5A58924}"
EndProject
Project("{FAE04EC0-301F-11D3-BF4B-00C04F79EFBC}") = "Q25_T_avg", "Q25_T_avg\Q25_T_avg.csproj", "{284ED0CF-19FE-4B8D-A59F-AF8160B559A2}"
EndProject
Global
	GlobalSection(SolutionConfigurationPlatforms) = preSolution
		Debug|Any CPU = Debug|Any CPU
		Release|Any CPU = Release|Any CPU
	EndGlobalSection
	GlobalSection(ProjectConfigurationPlatforms) = postSolution
		{CA336B73-FB80-4143-B498-62F9EDDBDC85}.Debug|Any CPU.ActiveCfg = Debug|Any CPU
		{CA336B73-FB80-4143-B498-62F9EDDBDC85}.Debug|Any CPU.Build.0 = Debug|Any CPU
		{CA336B73-FB80-4143-B498-62F9EDDBDC85}.Release|Any CPU.ActiveCfg = Release|Any CPU
		{CA336B73-FB80-4143-B498-62F9EDDBDC85}.Release|Any CPU.Build.0 = Release|Any CPU
		{5C96F1FF-616E-4583-97E8-A725ED9C3D5E}.Debug|Any CPU.ActiveCfg = Debug|Any CPU
		{5C96F1FF-616E-4583-97E8-A725ED9C3D5E}.Debug|Any CPU.Build.0 = Debug|Any CPU
		{5C96F1FF-616E-4583-97E8-A725ED9C3D5E}.Release|Any CPU.ActiveCfg = Release|Any CPU
		{5C96F1FF-616E-4583-97E8-A725ED9C3D5E}.Release|Any CPU.Build.0 = Release|Any CPU
		{979D8CAF-81A3-4A08-BC06-9575C25F84C5}.Debug|Any CPU.ActiveCfg = Debug|Any CPU
		{979D8CAF-81A3-4A08-BC06-9575C25F84C5}.Debug|Any CPU.Build.0 = Debug|Any CPU
		{979D8CAF-81A3-4A08-BC06-9575C25F84C5}.Release|Any CPU.ActiveCfg = Release|Any CPU
		{979D8CAF-81A3-4A08-BC06-9575C25F84C5}.Release|Any CPU.Build.0 = Release|Any CPU
		{0AC71306-D158-4397-8F7F-B61A2C476CFB}.Debug|Any CPU.ActiveCfg = Debug|Any CPU
		{0AC71306-D158-4397-8F7F-B61A2C476CFB}.Debug|Any CPU.Build.0 = Debug|Any CPU
		{0AC71306-D158-4397-8F7F-B61A2C476CFB}.Release|Any CPU.ActiveCfg = Release|Any CPU
		{0AC71306-D158-4397-8F7F-B61A2C476CFB}.Release|Any CPU.Build.0 = Release|Any CPU
		{E6EF001A-160C-4B6E-83E4-02E9494D3B0F}.Debug|Any CPU.ActiveCfg = Debug|Any CPU
		{E6EF001A-160C-4B6E-83E4-02E9494D3B0F}.Debug|Any CPU.Build.0 = Debug|Any CPU
		{E6EF001A-160C-4B6E-83E4-02E9494D3B0F}.Release|Any CPU.ActiveCfg = Release|Any CPU
		{E6EF001A-160C-4B6E-83E4-02E9494D3B0F}.Release|Any CPU.Build.0 = Release|Any CPU
		{292AF4DE-8595-466A-AA0F-1ECF5B8997A9}.Debug|Any CPU.ActiveCfg = Debug|Any CPU
		{292AF4DE-8595-466A-AA0F-1ECF5B8997A9}.Debug|Any CPU.Build.0 = Debug|Any CPU
		{292AF4DE-8595-466A-AA0F-1ECF5B8997A9}.Release|Any CPU.ActiveCfg = Release|Any CPU
		{292AF4DE-8595-466A-AA0F-1ECF5B8997A9}.Release|Any CPU.Build.0 = Release|Any CPU
		{D64911FA-8EFF-49D8-A702-8F583FCB377E}.Debug|Any CPU.ActiveCfg = Debug|Any CPU
		{D64911FA-8EFF-49D8-A702-8F583FCB377E}.Debug|Any CPU.Build.0 = Debug|Any CPU
		{D64911FA-8EFF-49D8-A702-8F583FCB377E}.Release|Any CPU.ActiveCfg = Release|Any CPU
		{D64911FA-8EFF-49D8-A702-8F583FCB377E}.Release|Any CPU.Build.0 = Release|Any CPU
		{F7ACC525-2BBB-4748-B9D7-CEC3AB160BE2}.Debug|Any CPU.ActiveCfg = Debug|Any CPU
		{F7ACC525-2BBB-4748-B9D7-CEC3AB160BE2}.Debug|Any CPU.Build.0 = Debug|Any CPU
		{F7ACC525-2BBB-4748-B9D7-CEC3AB160BE2}.Release|Any CPU.ActiveCfg = Release|Any CPU
		{F7ACC525-2BBB-4748-B9D7-CEC3AB160BE2}.Release|Any CPU.Build.0 = Release|Any CPU
		{D5DAF2DE-1C81-4B16-9DC4-7A591143DFED}.Debug|Any CPU.ActiveCfg = Debug|Any CPU
		{D5DAF2DE-1C81-4B16-9DC4-7A591143DFED}.Debug|Any CPU.Build.0 = Debug|Any CPU
		{D5DAF2DE-1C81-4B16-9DC4-7A591143DFED}.Release|Any CPU.ActiveCfg = Release|Any CPU
		{D5DAF2DE-1C81-4B16-9DC4-7A591143DFED}.Release|Any CPU.Build.0 = Release|Any CPU
		{FAD301C0-CC71-44F3-9352-D973EF8F973B}.Debug|Any CPU.ActiveCfg = Debug|Any CPU
		{FAD301C0-CC71-44F3-9352-D973EF8F973B}.Debug|Any CPU.Build.0 = Debug|Any CPU
		{FAD301C0-CC71-44F3-9352-D973EF8F973B}.Release|Any CPU.ActiveCfg = Release|Any CPU
		{FAD301C0-CC71-44F3-9352-D973EF8F973B}.Release|Any CPU.Build.0 = Release|Any CPU
		{BF11C931-BD22-4F7A-A9C8-055E5935C63F}.Debug|Any CPU.ActiveCfg = Debug|Any CPU
		{BF11C931-BD22-4F7A-A9C8-055E5935C63F}.Debug|Any CPU.Build.0 = Debug|Any CPU
		{BF11C931-BD22-4F7A-A9C8-055E5935C63F}.Release|Any CPU.ActiveCfg = Release|Any CPU
		{BF11C931-BD22-4F7A-A9C8-055E5935C63F}.Release|Any CPU.Build.0 = Release|Any CPU
		{1A84ABE7-A0F8-4F80-9E6E-83B7CA13F3BE}.Debug|Any CPU.ActiveCfg = Debug|Any CPU
		{1A84ABE7-A0F8-4F80-9E6E-83B7CA13F3BE}.Debug|Any CPU.Build.0 = Debug|Any CPU
		{1A84ABE7-A0F8-4F80-9E6E-83B7CA13F3BE}.Release|Any CPU.ActiveCfg = Release|Any CPU
		{1A84ABE7-A0F8-4F80-9E6E-83B7CA13F3BE}.Release|Any CPU.Build.0 = Release|Any CPU
		{1CFAF49A-1AC3-4182-86C1-5743873072F6}.Debug|Any CPU.ActiveCfg = Debug|Any CPU
		{1CFAF49A-1AC3-4182-86C1-5743873072F6}.Debug|Any CPU.Build.0 = Debug|Any CPU
		{1CFAF49A-1AC3-4182-86C1-5743873072F6}.Release|Any CPU.ActiveCfg = Release|Any CPU
		{1CFAF49A-1AC3-4182-86C1-5743873072F6}.Release|Any CPU.Build.0 = Release|Any CPU
		{FC00CA27-F418-438F-98C5-C1B38ECED7E2}.Debug|Any CPU.ActiveCfg = Debug|Any CPU
		{FC00CA27-F418-438F-98C5-C1B38ECED7E2}.Debug|Any CPU.Build.0 = Debug|Any CPU
		{FC00CA27-F418-438F-98C5-C1B38ECED7E2}.Release|Any CPU.ActiveCfg = Release|Any CPU
		{FC00CA27-F418-438F-98C5-C1B38ECED7E2}.Release|Any CPU.Build.0 = Release|Any CPU
		{0A3BA1DA-473F-4FC6-AEB1-ED239373A1AF}.Debug|Any CPU.ActiveCfg = Debug|Any CPU
		{0A3BA1DA-473F-4FC6-AEB1-ED239373A1AF}.Debug|Any CPU.Build.0 = Debug|Any CPU
		{0A3BA1DA-473F-4FC6-AEB1-ED239373A1AF}.Release|Any CPU.ActiveCfg = Release|Any CPU
		{0A3BA1DA-473F-4FC6-AEB1-ED239373A1AF}.Release|Any CPU.Build.0 = Release|Any CPU
		{4B5FCF86-6558-4DD5-871D-3C886F2EC27F}.Debug|Any CPU.ActiveCfg = Debug|Any CPU
		{4B5FCF86-6558-4DD5-871D-3C886F2EC27F}.Debug|Any CPU.Build.0 = Debug|Any CPU
		{4B5FCF86-6558-4DD5-871D-3C886F2EC27F}.Release|Any CPU.ActiveCfg = Release|Any CPU
		{4B5FCF86-6558-4DD5-871D-3C886F2EC27F}.Release|Any CPU.Build.0 = Release|Any CPU
		{CDC387E2-56E2-4831-9A53-AAE21F879FEB}.Debug|Any CPU.ActiveCfg = Debug|Any CPU
		{CDC387E2-56E2-4831-9A53-AAE21F879FEB}.Debug|Any CPU.Build.0 = Debug|Any CPU
		{CDC387E2-56E2-4831-9A53-AAE21F879FEB}.Release|Any CPU.ActiveCfg = Release|Any CPU
		{CDC387E2-56E2-4831-9A53-AAE21F879FEB}.Release|Any CPU.Build.0 = Release|Any CPU
		{392C57A1-29C5-45A6-9381-64AB5A0F8CD4}.Debug|Any CPU.ActiveCfg = Debug|Any CPU
		{392C57A1-29C5-45A6-9381-64AB5A0F8CD4}.Debug|Any CPU.Build.0 = Debug|Any CPU
		{392C57A1-29C5-45A6-9381-64AB5A0F8CD4}.Release|Any CPU.ActiveCfg = Release|Any CPU
		{392C57A1-29C5-45A6-9381-64AB5A0F8CD4}.Release|Any CPU.Build.0 = Release|Any CPU
		{25D0D091-383C-4109-B08E-F7492E67584A}.Debug|Any CPU.ActiveCfg = Debug|Any CPU
		{25D0D091-383C-4109-B08E-F7492E67584A}.Debug|Any CPU.Build.0 = Debug|Any CPU
		{25D0D091-383C-4109-B08E-F7492E67584A}.Release|Any CPU.ActiveCfg = Release|Any CPU
		{25D0D091-383C-4109-B08E-F7492E67584A}.Release|Any CPU.Build.0 = Release|Any CPU
		{2804B0C8-AE47-436E-97D3-7136E613B9FD}.Debug|Any CPU.ActiveCfg = Debug|Any CPU
		{2804B0C8-AE47-436E-97D3-7136E613B9FD}.Debug|Any CPU.Build.0 = Debug|Any CPU
		{2804B0C8-AE47-436E-97D3-7136E613B9FD}.Release|Any CPU.ActiveCfg = Release|Any CPU
		{2804B0C8-AE47-436E-97D3-7136E613B9FD}.Release|Any CPU.Build.0 = Release|Any CPU
		{0B19785F-A660-44AF-A9D7-B4662701F16C}.Debug|Any CPU.ActiveCfg = Debug|Any CPU
		{0B19785F-A660-44AF-A9D7-B4662701F16C}.Debug|Any CPU.Build.0 = Debug|Any CPU
		{0B19785F-A660-44AF-A9D7-B4662701F16C}.Release|Any CPU.ActiveCfg = Release|Any CPU
		{0B19785F-A660-44AF-A9D7-B4662701F16C}.Release|Any CPU.Build.0 = Release|Any CPU
		{DB661ED1-E3D7-4B8F-AD48-1E0456ACA3F3}.Debug|Any CPU.ActiveCfg = Debug|Any CPU
		{DB661ED1-E3D7-4B8F-AD48-1E0456ACA3F3}.Debug|Any CPU.Build.0 = Debug|Any CPU
		{DB661ED1-E3D7-4B8F-AD48-1E0456ACA3F3}.Release|Any CPU.ActiveCfg = Release|Any CPU
		{DB661ED1-E3D7-4B8F-AD48-1E0456ACA3F3}.Release|Any CPU.Build.0 = Release|Any CPU
		{564FBD63-3EC4-4BD0-8192-D3E7E2D58216}.Debug|Any CPU.ActiveCfg = Debug|Any CPU
		{564FBD63-3EC4-4BD0-8192-D3E7E2D58216}.Debug|Any CPU.Build.0 = Debug|Any CPU
		{564FBD63-3EC4-4BD0-8192-D3E7E2D58216}.Release|Any CPU.ActiveCfg = Release|Any CPU
		{564FBD63-3EC4-4BD0-8192-D3E7E2D58216}.Release|Any CPU.Build.0 = Release|Any CPU
		{38A34485-179D-4284-8DA0-C1A8C5A58924}.Debug|Any CPU.ActiveCfg = Debug|Any CPU
		{38A34485-179D-4284-8DA0-C1A8C5A58924}.Debug|Any CPU.Build.0 = Debug|Any CPU
		{38A34485-179D-4284-8DA0-C1A8C5A58924}.Release|Any CPU.ActiveCfg = Release|Any CPU
		{38A34485-179D-4284-8DA0-C1A8C5A58924}.Release|Any CPU.Build.0 = Release|Any CPU
		{284ED0CF-19FE-4B8D-A59F-AF8160B559A2}.Debug|Any CPU.ActiveCfg = Debug|Any CPU
		{284ED0CF-19FE-4B8D-A59F-AF8160B559A2}.Debug|Any CPU.Build.0 = Debug|Any CPU
		{284ED0CF-19FE-4B8D-A59F-AF8160B559A2}.Release|Any CPU.ActiveCfg = Release|Any CPU
		{284ED0CF-19FE-4B8D-A59F-AF8160B559A2}.Release|Any CPU.Build.0 = Release|Any CPU
	EndGlobalSection
	GlobalSection(SolutionProperties) = preSolution
		HideSolutionNode = FALSE
	EndGlobalSection
EndGlobal
